// !$*UTF8*$!
{
	archiveVersion = 1;
	classes = {
	};
	objectVersion = 55;
	objects = {

/* Begin PBXBuildFile section */
		3A07B7D528E88A76007FEA2C /* BreatheType.swift in Sources */ = {isa = PBXBuildFile; fileRef = 3A07B7D428E88A76007FEA2C /* BreatheType.swift */; };
		3A07B7D728E88AA6007FEA2C /* BreatheView.swift in Sources */ = {isa = PBXBuildFile; fileRef = 3A07B7D628E88AA6007FEA2C /* BreatheView.swift */; };
		3A8BC4A528E3D55500E3AF07 /* iCalmApp.swift in Sources */ = {isa = PBXBuildFile; fileRef = 3A8BC4A428E3D55500E3AF07 /* iCalmApp.swift */; };
		3A8BC4A728E3D55500E3AF07 /* ContentView.swift in Sources */ = {isa = PBXBuildFile; fileRef = 3A8BC4A628E3D55500E3AF07 /* ContentView.swift */; };
		3A8BC4A928E3D55700E3AF07 /* Assets.xcassets in Resources */ = {isa = PBXBuildFile; fileRef = 3A8BC4A828E3D55700E3AF07 /* Assets.xcassets */; };
		3A8BC4AC28E3D55700E3AF07 /* Preview Assets.xcassets in Resources */ = {isa = PBXBuildFile; fileRef = 3A8BC4AB28E3D55700E3AF07 /* Preview Assets.xcassets */; };
		3AD17EB9293C0A3E005EC5C1 /* BreatheViewModelProtocol.swift in Sources */ = {isa = PBXBuildFile; fileRef = 3AD17EB8293C0A3E005EC5C1 /* BreatheViewModelProtocol.swift */; };
		3AD17EBB293CBBD5005EC5C1 /* BreatheViewProtocol.swift in Sources */ = {isa = PBXBuildFile; fileRef = 3AD17EBA293CBBD5005EC5C1 /* BreatheViewProtocol.swift */; };
		3AD17EBD293CBFC3005EC5C1 /* BreatheViewModel.swift in Sources */ = {isa = PBXBuildFile; fileRef = 3AD17EBC293CBFC3005EC5C1 /* BreatheViewModel.swift */; };
		6D093EC429D0E9D5006F3F50 /* Localizable.strings in Resources */ = {isa = PBXBuildFile; fileRef = 6D093EC629D0E9D5006F3F50 /* Localizable.strings */; };
		6D093EC929D0F7E9006F3F50 /* SlideCarouselList.swift in Sources */ = {isa = PBXBuildFile; fileRef = 6D093EC829D0F7E9006F3F50 /* SlideCarouselList.swift */; };
		6D093ECB29D0F82A006F3F50 /* SlideCard.swift in Sources */ = {isa = PBXBuildFile; fileRef = 6D093ECA29D0F82A006F3F50 /* SlideCard.swift */; };
		6D093ECD29D0FA32006F3F50 /* ProgramsPreview.swift in Sources */ = {isa = PBXBuildFile; fileRef = 6D093ECC29D0FA32006F3F50 /* ProgramsPreview.swift */; };
		6D12C74E2BDF094F00F166DB /* GoogleService-Info.plist in Resources */ = {isa = PBXBuildFile; fileRef = 6D12C74D2BDF094F00F166DB /* GoogleService-Info.plist */; };
		6D12C7512BDF0ADE00F166DB /* FirebaseAnalytics in Frameworks */ = {isa = PBXBuildFile; productRef = 6D12C7502BDF0ADE00F166DB /* FirebaseAnalytics */; };
		6D12C7532BDF0ADE00F166DB /* FirebaseAnalyticsOnDeviceConversion in Frameworks */ = {isa = PBXBuildFile; productRef = 6D12C7522BDF0ADE00F166DB /* FirebaseAnalyticsOnDeviceConversion */; };
		6D12C7552BDF0ADE00F166DB /* FirebaseAnalyticsSwift in Frameworks */ = {isa = PBXBuildFile; productRef = 6D12C7542BDF0ADE00F166DB /* FirebaseAnalyticsSwift */; };
		6D12C7572BDF0ADE00F166DB /* FirebaseAnalyticsWithoutAdIdSupport in Frameworks */ = {isa = PBXBuildFile; productRef = 6D12C7562BDF0ADE00F166DB /* FirebaseAnalyticsWithoutAdIdSupport */; };
		6D12C7592BDF0ADE00F166DB /* FirebaseAppCheck in Frameworks */ = {isa = PBXBuildFile; productRef = 6D12C7582BDF0ADE00F166DB /* FirebaseAppCheck */; };
		6D246E3C2A102D4E0050ADD9 /* ------------Info.plist in Resources */ = {isa = PBXBuildFile; fileRef = 6D246E3B2A102D4D0050ADD9 /* ------------Info.plist */; };
		6D48E0BC2999645400847FA4 /* BreatheProgramListViewModelProtocol.swift in Sources */ = {isa = PBXBuildFile; fileRef = 6D48E0BB2999645400847FA4 /* BreatheProgramListViewModelProtocol.swift */; };
		6D48E0BE2999648500847FA4 /* BreatheProgramListViewModel.swift in Sources */ = {isa = PBXBuildFile; fileRef = 6D48E0BD2999648500847FA4 /* BreatheProgramListViewModel.swift */; };
		6D50F07429A764E1000DBD23 /* MockData.swift in Sources */ = {isa = PBXBuildFile; fileRef = 6D50F07329A764E1000DBD23 /* MockData.swift */; };
		6D686B462CF301B200ECF012 /* FirebaseAuth in Frameworks */ = {isa = PBXBuildFile; productRef = 6D686B452CF301B200ECF012 /* FirebaseAuth */; };
		6D686B482CF301B200ECF012 /* FirebaseCrashlytics in Frameworks */ = {isa = PBXBuildFile; productRef = 6D686B472CF301B200ECF012 /* FirebaseCrashlytics */; };
		6D686B4A2CF301B200ECF012 /* FirebaseDatabase in Frameworks */ = {isa = PBXBuildFile; productRef = 6D686B492CF301B200ECF012 /* FirebaseDatabase */; };
		6D686B4C2CF301B200ECF012 /* FirebaseFirestore in Frameworks */ = {isa = PBXBuildFile; productRef = 6D686B4B2CF301B200ECF012 /* FirebaseFirestore */; };
		6D686B4E2CF301B200ECF012 /* FirebaseFirestoreSwift in Frameworks */ = {isa = PBXBuildFile; productRef = 6D686B4D2CF301B200ECF012 /* FirebaseFirestoreSwift */; };
		6D6FF28F29BBDC3D00D66534 /* SlideCarousel.swift in Sources */ = {isa = PBXBuildFile; fileRef = 6D6FF28E29BBDC3D00D66534 /* SlideCarousel.swift */; };
		6D76C76829DA03A2007C7974 /* Launch Screen.storyboard in Resources */ = {isa = PBXBuildFile; fileRef = 6D76C76729DA03A2007C7974 /* Launch Screen.storyboard */; };
		6D76C76B29DB1BB3007C7974 /* SplashView.swift in Sources */ = {isa = PBXBuildFile; fileRef = 6D76C76A29DB1BB3007C7974 /* SplashView.swift */; };
		6D76C76E29F5E4F8007C7974 /* CircleProgressBar.swift in Sources */ = {isa = PBXBuildFile; fileRef = 6D76C76D29F5E4F8007C7974 /* CircleProgressBar.swift */; };
		6DEC5EF029731FC40050750A /* PureSwiftUI in Frameworks */ = {isa = PBXBuildFile; productRef = 6DEC5EEF29731FC40050750A /* PureSwiftUI */; };
/* End PBXBuildFile section */

/* Begin PBXFileReference section */
		3A07B7D428E88A76007FEA2C /* BreatheType.swift */ = {isa = PBXFileReference; lastKnownFileType = sourcecode.swift; path = BreatheType.swift; sourceTree = "<group>"; };
		3A07B7D628E88AA6007FEA2C /* BreatheView.swift */ = {isa = PBXFileReference; lastKnownFileType = sourcecode.swift; path = BreatheView.swift; sourceTree = "<group>"; };
		3A8BC4A128E3D55500E3AF07 /* Просто Дыши.app */ = {isa = PBXFileReference; explicitFileType = wrapper.application; includeInIndex = 0; path = "Просто Дыши.app"; sourceTree = BUILT_PRODUCTS_DIR; };
		3A8BC4A428E3D55500E3AF07 /* iCalmApp.swift */ = {isa = PBXFileReference; lastKnownFileType = sourcecode.swift; path = iCalmApp.swift; sourceTree = "<group>"; };
		3A8BC4A628E3D55500E3AF07 /* ContentView.swift */ = {isa = PBXFileReference; lastKnownFileType = sourcecode.swift; path = ContentView.swift; sourceTree = "<group>"; };
		3A8BC4A828E3D55700E3AF07 /* Assets.xcassets */ = {isa = PBXFileReference; lastKnownFileType = folder.assetcatalog; path = Assets.xcassets; sourceTree = "<group>"; };
		3A8BC4AB28E3D55700E3AF07 /* Preview Assets.xcassets */ = {isa = PBXFileReference; lastKnownFileType = folder.assetcatalog; path = "Preview Assets.xcassets"; sourceTree = "<group>"; };
		3AD17EB8293C0A3E005EC5C1 /* BreatheViewModelProtocol.swift */ = {isa = PBXFileReference; lastKnownFileType = sourcecode.swift; path = BreatheViewModelProtocol.swift; sourceTree = "<group>"; };
		3AD17EBA293CBBD5005EC5C1 /* BreatheViewProtocol.swift */ = {isa = PBXFileReference; lastKnownFileType = sourcecode.swift; path = BreatheViewProtocol.swift; sourceTree = "<group>"; };
		3AD17EBC293CBFC3005EC5C1 /* BreatheViewModel.swift */ = {isa = PBXFileReference; lastKnownFileType = sourcecode.swift; path = BreatheViewModel.swift; sourceTree = "<group>"; };
		6D093EC529D0E9D5006F3F50 /* en */ = {isa = PBXFileReference; lastKnownFileType = text.plist.strings; name = en; path = en.lproj/Localizable.strings; sourceTree = "<group>"; };
		6D093EC729D0E9D9006F3F50 /* ru */ = {isa = PBXFileReference; lastKnownFileType = text.plist.strings; name = ru; path = ru.lproj/Localizable.strings; sourceTree = "<group>"; };
		6D093EC829D0F7E9006F3F50 /* SlideCarouselList.swift */ = {isa = PBXFileReference; lastKnownFileType = sourcecode.swift; path = SlideCarouselList.swift; sourceTree = "<group>"; };
		6D093ECA29D0F82A006F3F50 /* SlideCard.swift */ = {isa = PBXFileReference; lastKnownFileType = sourcecode.swift; path = SlideCard.swift; sourceTree = "<group>"; };
		6D093ECC29D0FA32006F3F50 /* ProgramsPreview.swift */ = {isa = PBXFileReference; lastKnownFileType = sourcecode.swift; path = ProgramsPreview.swift; sourceTree = "<group>"; };
		6D12C74D2BDF094F00F166DB /* GoogleService-Info.plist */ = {isa = PBXFileReference; fileEncoding = 4; lastKnownFileType = text.plist.xml; path = "GoogleService-Info.plist"; sourceTree = "<group>"; };
		6D246E3B2A102D4D0050ADD9 /* ------------Info.plist */ = {isa = PBXFileReference; fileEncoding = 4; lastKnownFileType = text.plist.xml; path = "------------Info.plist"; sourceTree = "<group>"; };
		6D48E0BB2999645400847FA4 /* BreatheProgramListViewModelProtocol.swift */ = {isa = PBXFileReference; lastKnownFileType = sourcecode.swift; path = BreatheProgramListViewModelProtocol.swift; sourceTree = "<group>"; };
		6D48E0BD2999648500847FA4 /* BreatheProgramListViewModel.swift */ = {isa = PBXFileReference; lastKnownFileType = sourcecode.swift; path = BreatheProgramListViewModel.swift; sourceTree = "<group>"; };
		6D50F07329A764E1000DBD23 /* MockData.swift */ = {isa = PBXFileReference; lastKnownFileType = sourcecode.swift; path = MockData.swift; sourceTree = "<group>"; };
		6D6FF28E29BBDC3D00D66534 /* SlideCarousel.swift */ = {isa = PBXFileReference; lastKnownFileType = sourcecode.swift; path = SlideCarousel.swift; sourceTree = "<group>"; };
		6D76C76729DA03A2007C7974 /* Launch Screen.storyboard */ = {isa = PBXFileReference; lastKnownFileType = file.storyboard; path = "Launch Screen.storyboard"; sourceTree = "<group>"; };
		6D76C76A29DB1BB3007C7974 /* SplashView.swift */ = {isa = PBXFileReference; lastKnownFileType = sourcecode.swift; path = SplashView.swift; sourceTree = "<group>"; };
		6D76C76D29F5E4F8007C7974 /* CircleProgressBar.swift */ = {isa = PBXFileReference; lastKnownFileType = sourcecode.swift; path = CircleProgressBar.swift; sourceTree = "<group>"; };
/* End PBXFileReference section */

/* Begin PBXFrameworksBuildPhase section */
		3A8BC49E28E3D55500E3AF07 /* Frameworks */ = {
			isa = PBXFrameworksBuildPhase;
			buildActionMask = 2147483647;
			files = (
				6D12C7552BDF0ADE00F166DB /* FirebaseAnalyticsSwift in Frameworks */,
				6D12C7572BDF0ADE00F166DB /* FirebaseAnalyticsWithoutAdIdSupport in Frameworks */,
				6D12C7512BDF0ADE00F166DB /* FirebaseAnalytics in Frameworks */,
				6D686B4C2CF301B200ECF012 /* FirebaseFirestore in Frameworks */,
				6D12C7532BDF0ADE00F166DB /* FirebaseAnalyticsOnDeviceConversion in Frameworks */,
				6D686B4E2CF301B200ECF012 /* FirebaseFirestoreSwift in Frameworks */,
				6D12C7592BDF0ADE00F166DB /* FirebaseAppCheck in Frameworks */,
				6D686B482CF301B200ECF012 /* FirebaseCrashlytics in Frameworks */,
				6D686B4A2CF301B200ECF012 /* FirebaseDatabase in Frameworks */,
				6D686B462CF301B200ECF012 /* FirebaseAuth in Frameworks */,
				6DEC5EF029731FC40050750A /* PureSwiftUI in Frameworks */,
			);
			runOnlyForDeploymentPostprocessing = 0;
		};
/* End PBXFrameworksBuildPhase section */

/* Begin PBXGroup section */
		3A07B7D228E88A38007FEA2C /* Model */ = {
			isa = PBXGroup;
			children = (
				3A07B7D428E88A76007FEA2C /* BreatheType.swift */,
			);
			path = Model;
			sourceTree = "<group>";
		};
		3A07B7D328E88A46007FEA2C /* View */ = {
			isa = PBXGroup;
			children = (
				3A07B7D628E88AA6007FEA2C /* BreatheView.swift */,
				3AD17EBA293CBBD5005EC5C1 /* BreatheViewProtocol.swift */,
			);
			path = View;
			sourceTree = "<group>";
		};
		3A28BBB428FCD7B100899D5D /* BreatheView */ = {
			isa = PBXGroup;
			children = (
				3A28BBB528FCDCD100899D5D /* ViewModel */,
				3A07B7D228E88A38007FEA2C /* Model */,
				3A07B7D328E88A46007FEA2C /* View */,
			);
			path = BreatheView;
			sourceTree = "<group>";
		};
		3A28BBB528FCDCD100899D5D /* ViewModel */ = {
			isa = PBXGroup;
			children = (
				3AD17EB8293C0A3E005EC5C1 /* BreatheViewModelProtocol.swift */,
				3AD17EBC293CBFC3005EC5C1 /* BreatheViewModel.swift */,
			);
			path = ViewModel;
			sourceTree = "<group>";
		};
		3A8BC49828E3D55500E3AF07 = {
			isa = PBXGroup;
			children = (
				6D76C76729DA03A2007C7974 /* Launch Screen.storyboard */,
				6D093EC629D0E9D5006F3F50 /* Localizable.strings */,
				6D246E3B2A102D4D0050ADD9 /* ------------Info.plist */,
				3A8BC4A328E3D55500E3AF07 /* iCalm */,
				3A8BC4A228E3D55500E3AF07 /* Products */,
			);
			sourceTree = "<group>";
		};
		3A8BC4A228E3D55500E3AF07 /* Products */ = {
			isa = PBXGroup;
			children = (
				3A8BC4A128E3D55500E3AF07 /* Просто Дыши.app */,
			);
			name = Products;
			sourceTree = "<group>";
		};
		3A8BC4A328E3D55500E3AF07 /* iCalm */ = {
			isa = PBXGroup;
			children = (
				6D686B412CF3007D00ECF012 /* Services */,
				6D12C74D2BDF094F00F166DB /* GoogleService-Info.plist */,
				6D76C76C29F5E4D9007C7974 /* CustomViews */,
				6D76C76929DB1B09007C7974 /* SplashView */,
				6D50F07229A764C7000DBD23 /* MockData */,
				6D69B6D9298E662B00E46C2F /* BreatheProgramList */,
				3A28BBB428FCD7B100899D5D /* BreatheView */,
				3A8BC4A428E3D55500E3AF07 /* iCalmApp.swift */,
				3A8BC4A628E3D55500E3AF07 /* ContentView.swift */,
				3A8BC4A828E3D55700E3AF07 /* Assets.xcassets */,
				3A8BC4AA28E3D55700E3AF07 /* Preview Content */,
			);
			path = iCalm;
			sourceTree = "<group>";
		};
		3A8BC4AA28E3D55700E3AF07 /* Preview Content */ = {
			isa = PBXGroup;
			children = (
				3A8BC4AB28E3D55700E3AF07 /* Preview Assets.xcassets */,
			);
			path = "Preview Content";
			sourceTree = "<group>";
		};
		6D50F07229A764C7000DBD23 /* MockData */ = {
			isa = PBXGroup;
			children = (
				6D50F07329A764E1000DBD23 /* MockData.swift */,
			);
			path = MockData;
			sourceTree = "<group>";
		};
		6D686B412CF3007D00ECF012 /* Services */ = {
			isa = PBXGroup;
			children = (
			);
			path = Services;
			sourceTree = "<group>";
		};
		6D69B6D9298E662B00E46C2F /* BreatheProgramList */ = {
			isa = PBXGroup;
			children = (
				6D69B6DC298E66D500E46C2F /* Model */,
				6D69B6DB298E66BB00E46C2F /* ViewModel */,
				6D69B6DA298E66AB00E46C2F /* View */,
			);
			path = BreatheProgramList;
			sourceTree = "<group>";
		};
		6D69B6DA298E66AB00E46C2F /* View */ = {
			isa = PBXGroup;
			children = (
				6D6FF28D29BBDC2200D66534 /* SlideCarousel */,
			);
			path = View;
			sourceTree = "<group>";
		};
		6D69B6DB298E66BB00E46C2F /* ViewModel */ = {
			isa = PBXGroup;
			children = (
				6D48E0BB2999645400847FA4 /* BreatheProgramListViewModelProtocol.swift */,
				6D48E0BD2999648500847FA4 /* BreatheProgramListViewModel.swift */,
			);
			path = ViewModel;
			sourceTree = "<group>";
		};
		6D69B6DC298E66D500E46C2F /* Model */ = {
			isa = PBXGroup;
			children = (
			);
			path = Model;
			sourceTree = "<group>";
		};
		6D6FF28D29BBDC2200D66534 /* SlideCarousel */ = {
			isa = PBXGroup;
			children = (
				6D093ECC29D0FA32006F3F50 /* ProgramsPreview.swift */,
				6D6FF28E29BBDC3D00D66534 /* SlideCarousel.swift */,
				6D093EC829D0F7E9006F3F50 /* SlideCarouselList.swift */,
				6D093ECA29D0F82A006F3F50 /* SlideCard.swift */,
			);
			path = SlideCarousel;
			sourceTree = "<group>";
		};
		6D76C76929DB1B09007C7974 /* SplashView */ = {
			isa = PBXGroup;
			children = (
				6D76C76A29DB1BB3007C7974 /* SplashView.swift */,
			);
			path = SplashView;
			sourceTree = "<group>";
		};
		6D76C76C29F5E4D9007C7974 /* CustomViews */ = {
			isa = PBXGroup;
			children = (
				6D76C76D29F5E4F8007C7974 /* CircleProgressBar.swift */,
			);
			path = CustomViews;
			sourceTree = "<group>";
		};
/* End PBXGroup section */

/* Begin PBXNativeTarget section */
		3A8BC4A028E3D55500E3AF07 /* Просто Дыши */ = {
			isa = PBXNativeTarget;
			buildConfigurationList = 3A8BC4AF28E3D55700E3AF07 /* Build configuration list for PBXNativeTarget "Просто Дыши" */;
			buildPhases = (
				3A8BC49D28E3D55500E3AF07 /* Sources */,
				3A8BC49E28E3D55500E3AF07 /* Frameworks */,
				3A8BC49F28E3D55500E3AF07 /* Resources */,
				6D58B83B2D25EE910018D76F /* ShellScript */,
			);
			buildRules = (
			);
			dependencies = (
			);
			name = "Просто Дыши";
			packageProductDependencies = (
				6DEC5EEF29731FC40050750A /* PureSwiftUI */,
				6D12C7502BDF0ADE00F166DB /* FirebaseAnalytics */,
				6D12C7522BDF0ADE00F166DB /* FirebaseAnalyticsOnDeviceConversion */,
				6D12C7542BDF0ADE00F166DB /* FirebaseAnalyticsSwift */,
				6D12C7562BDF0ADE00F166DB /* FirebaseAnalyticsWithoutAdIdSupport */,
				6D12C7582BDF0ADE00F166DB /* FirebaseAppCheck */,
				6D686B452CF301B200ECF012 /* FirebaseAuth */,
				6D686B472CF301B200ECF012 /* FirebaseCrashlytics */,
				6D686B492CF301B200ECF012 /* FirebaseDatabase */,
				6D686B4B2CF301B200ECF012 /* FirebaseFirestore */,
				6D686B4D2CF301B200ECF012 /* FirebaseFirestoreSwift */,
			);
			productName = iCalm;
			productReference = 3A8BC4A128E3D55500E3AF07 /* Просто Дыши.app */;
			productType = "com.apple.product-type.application";
		};
/* End PBXNativeTarget section */

/* Begin PBXProject section */
		3A8BC49928E3D55500E3AF07 /* Project object */ = {
			isa = PBXProject;
			attributes = {
				BuildIndependentTargetsInParallel = 1;
				LastSwiftUpdateCheck = 1300;
				LastUpgradeCheck = 1300;
				TargetAttributes = {
					3A8BC4A028E3D55500E3AF07 = {
						CreatedOnToolsVersion = 13.0;
					};
				};
			};
			buildConfigurationList = 3A8BC49C28E3D55500E3AF07 /* Build configuration list for PBXProject "iCalm" */;
			compatibilityVersion = "Xcode 13.0";
			developmentRegion = en;
			hasScannedForEncodings = 0;
			knownRegions = (
				en,
				Base,
				ru,
			);
			mainGroup = 3A8BC49828E3D55500E3AF07;
			packageReferences = (
				6DEC5EEE29731FC40050750A /* XCRemoteSwiftPackageReference "pure-swift-ui" */,
				6D12C74F2BDF0ADE00F166DB /* XCRemoteSwiftPackageReference "firebase-ios-sdk" */,
			);
			productRefGroup = 3A8BC4A228E3D55500E3AF07 /* Products */;
			projectDirPath = "";
			projectRoot = "";
			targets = (
				3A8BC4A028E3D55500E3AF07 /* Просто Дыши */,
			);
		};
/* End PBXProject section */

/* Begin PBXResourcesBuildPhase section */
		3A8BC49F28E3D55500E3AF07 /* Resources */ = {
			isa = PBXResourcesBuildPhase;
			buildActionMask = 2147483647;
			files = (
				3A8BC4AC28E3D55700E3AF07 /* Preview Assets.xcassets in Resources */,
				6D093EC429D0E9D5006F3F50 /* Localizable.strings in Resources */,
				6D246E3C2A102D4E0050ADD9 /* ------------Info.plist in Resources */,
				6D76C76829DA03A2007C7974 /* Launch Screen.storyboard in Resources */,
				3A8BC4A928E3D55700E3AF07 /* Assets.xcassets in Resources */,
				6D12C74E2BDF094F00F166DB /* GoogleService-Info.plist in Resources */,
			);
			runOnlyForDeploymentPostprocessing = 0;
		};
/* End PBXResourcesBuildPhase section */

/* Begin PBXShellScriptBuildPhase section */
		6D58B83B2D25EE910018D76F /* ShellScript */ = {
			isa = PBXShellScriptBuildPhase;
			buildActionMask = 2147483647;
			files = (
			);
			inputFileListPaths = (
			);
			inputPaths = (
				"${DWARF_DSYM_FOLDER_PATH}/${DWARF_DSYM_FILE_NAME}",
				"${DWARF_DSYM_FOLDER_PATH}/${DWARF_DSYM_FILE_NAME}/Contents/Resources/DWARF/${PRODUCT_NAME}",
				"${DWARF_DSYM_FOLDER_PATH}/${DWARF_DSYM_FILE_NAME}/Contents/Info.plist",
				"$(TARGET_BUILD_DIR)/$(EXECUTABLE_PATH)",
				"$(TARGET_BUILD_DIR)/$(UNLOCALIZED_RESOURCES_FOLDER_PATH)/GoogleService-Info.plist",
			);
			outputFileListPaths = (
			);
			outputPaths = (
			);
			runOnlyForDeploymentPostprocessing = 0;
			shellPath = /bin/sh;
			shellScript = "# Type a script or drag a script file from your workspace to insert its path.\n\"${BUILD_DIR%/Build/*}/SourcePackages/checkouts/firebase-ios-sdk/Crashlytics/run\"\n";
		};
/* End PBXShellScriptBuildPhase section */

/* Begin PBXSourcesBuildPhase section */
		3A8BC49D28E3D55500E3AF07 /* Sources */ = {
			isa = PBXSourcesBuildPhase;
			buildActionMask = 2147483647;
			files = (
				6D6FF28F29BBDC3D00D66534 /* SlideCarousel.swift in Sources */,
				6D093EC929D0F7E9006F3F50 /* SlideCarouselList.swift in Sources */,
				6D76C76B29DB1BB3007C7974 /* SplashView.swift in Sources */,
				6D48E0BC2999645400847FA4 /* BreatheProgramListViewModelProtocol.swift in Sources */,
				3A8BC4A728E3D55500E3AF07 /* ContentView.swift in Sources */,
				6D50F07429A764E1000DBD23 /* MockData.swift in Sources */,
				6D093ECD29D0FA32006F3F50 /* ProgramsPreview.swift in Sources */,
				3AD17EBD293CBFC3005EC5C1 /* BreatheViewModel.swift in Sources */,
				3AD17EB9293C0A3E005EC5C1 /* BreatheViewModelProtocol.swift in Sources */,
				3A07B7D728E88AA6007FEA2C /* BreatheView.swift in Sources */,
				6D093ECB29D0F82A006F3F50 /* SlideCard.swift in Sources */,
				3A07B7D528E88A76007FEA2C /* BreatheType.swift in Sources */,
				3AD17EBB293CBBD5005EC5C1 /* BreatheViewProtocol.swift in Sources */,
				3A8BC4A528E3D55500E3AF07 /* iCalmApp.swift in Sources */,
				6D76C76E29F5E4F8007C7974 /* CircleProgressBar.swift in Sources */,
				6D48E0BE2999648500847FA4 /* BreatheProgramListViewModel.swift in Sources */,
			);
			runOnlyForDeploymentPostprocessing = 0;
		};
/* End PBXSourcesBuildPhase section */

/* Begin PBXVariantGroup section */
		6D093EC629D0E9D5006F3F50 /* Localizable.strings */ = {
			isa = PBXVariantGroup;
			children = (
				6D093EC529D0E9D5006F3F50 /* en */,
				6D093EC729D0E9D9006F3F50 /* ru */,
			);
			name = Localizable.strings;
			sourceTree = "<group>";
		};
/* End PBXVariantGroup section */

/* Begin XCBuildConfiguration section */
		3A8BC4AD28E3D55700E3AF07 /* Debug */ = {
			isa = XCBuildConfiguration;
			buildSettings = {
				ALWAYS_SEARCH_USER_PATHS = NO;
				CLANG_ANALYZER_NONNULL = YES;
				CLANG_ANALYZER_NUMBER_OBJECT_CONVERSION = YES_AGGRESSIVE;
				CLANG_CXX_LANGUAGE_STANDARD = "gnu++17";
				CLANG_CXX_LIBRARY = "libc++";
				CLANG_ENABLE_MODULES = YES;
				CLANG_ENABLE_OBJC_ARC = YES;
				CLANG_ENABLE_OBJC_WEAK = YES;
				CLANG_WARN_BLOCK_CAPTURE_AUTORELEASING = YES;
				CLANG_WARN_BOOL_CONVERSION = YES;
				CLANG_WARN_COMMA = YES;
				CLANG_WARN_CONSTANT_CONVERSION = YES;
				CLANG_WARN_DEPRECATED_OBJC_IMPLEMENTATIONS = YES;
				CLANG_WARN_DIRECT_OBJC_ISA_USAGE = YES_ERROR;
				CLANG_WARN_DOCUMENTATION_COMMENTS = YES;
				CLANG_WARN_EMPTY_BODY = YES;
				CLANG_WARN_ENUM_CONVERSION = YES;
				CLANG_WARN_INFINITE_RECURSION = YES;
				CLANG_WARN_INT_CONVERSION = YES;
				CLANG_WARN_NON_LITERAL_NULL_CONVERSION = YES;
				CLANG_WARN_OBJC_IMPLICIT_RETAIN_SELF = YES;
				CLANG_WARN_OBJC_LITERAL_CONVERSION = YES;
				CLANG_WARN_OBJC_ROOT_CLASS = YES_ERROR;
				CLANG_WARN_QUOTED_INCLUDE_IN_FRAMEWORK_HEADER = YES;
				CLANG_WARN_RANGE_LOOP_ANALYSIS = YES;
				CLANG_WARN_STRICT_PROTOTYPES = YES;
				CLANG_WARN_SUSPICIOUS_MOVE = YES;
				CLANG_WARN_UNGUARDED_AVAILABILITY = YES_AGGRESSIVE;
				CLANG_WARN_UNREACHABLE_CODE = YES;
				CLANG_WARN__DUPLICATE_METHOD_MATCH = YES;
				COPY_PHASE_STRIP = NO;
				DEBUG_INFORMATION_FORMAT = "dwarf-with-dsym";
				ENABLE_STRICT_OBJC_MSGSEND = YES;
				ENABLE_TESTABILITY = YES;
				GCC_C_LANGUAGE_STANDARD = gnu11;
				GCC_DYNAMIC_NO_PIC = NO;
				GCC_NO_COMMON_BLOCKS = YES;
				GCC_OPTIMIZATION_LEVEL = 0;
				GCC_PREPROCESSOR_DEFINITIONS = (
					"DEBUG=1",
					"$(inherited)",
				);
				GCC_WARN_64_TO_32_BIT_CONVERSION = YES;
				GCC_WARN_ABOUT_RETURN_TYPE = YES_ERROR;
				GCC_WARN_UNDECLARED_SELECTOR = YES;
				GCC_WARN_UNINITIALIZED_AUTOS = YES_AGGRESSIVE;
				GCC_WARN_UNUSED_FUNCTION = YES;
				GCC_WARN_UNUSED_VARIABLE = YES;
				IPHONEOS_DEPLOYMENT_TARGET = 15.0;
				MTL_ENABLE_DEBUG_INFO = INCLUDE_SOURCE;
				MTL_FAST_MATH = YES;
				ONLY_ACTIVE_ARCH = YES;
				SDKROOT = iphoneos;
				SWIFT_ACTIVE_COMPILATION_CONDITIONS = DEBUG;
				SWIFT_OPTIMIZATION_LEVEL = "-Onone";
			};
			name = Debug;
		};
		3A8BC4AE28E3D55700E3AF07 /* Release */ = {
			isa = XCBuildConfiguration;
			buildSettings = {
				ALWAYS_SEARCH_USER_PATHS = NO;
				CLANG_ANALYZER_NONNULL = YES;
				CLANG_ANALYZER_NUMBER_OBJECT_CONVERSION = YES_AGGRESSIVE;
				CLANG_CXX_LANGUAGE_STANDARD = "gnu++17";
				CLANG_CXX_LIBRARY = "libc++";
				CLANG_ENABLE_MODULES = YES;
				CLANG_ENABLE_OBJC_ARC = YES;
				CLANG_ENABLE_OBJC_WEAK = YES;
				CLANG_WARN_BLOCK_CAPTURE_AUTORELEASING = YES;
				CLANG_WARN_BOOL_CONVERSION = YES;
				CLANG_WARN_COMMA = YES;
				CLANG_WARN_CONSTANT_CONVERSION = YES;
				CLANG_WARN_DEPRECATED_OBJC_IMPLEMENTATIONS = YES;
				CLANG_WARN_DIRECT_OBJC_ISA_USAGE = YES_ERROR;
				CLANG_WARN_DOCUMENTATION_COMMENTS = YES;
				CLANG_WARN_EMPTY_BODY = YES;
				CLANG_WARN_ENUM_CONVERSION = YES;
				CLANG_WARN_INFINITE_RECURSION = YES;
				CLANG_WARN_INT_CONVERSION = YES;
				CLANG_WARN_NON_LITERAL_NULL_CONVERSION = YES;
				CLANG_WARN_OBJC_IMPLICIT_RETAIN_SELF = YES;
				CLANG_WARN_OBJC_LITERAL_CONVERSION = YES;
				CLANG_WARN_OBJC_ROOT_CLASS = YES_ERROR;
				CLANG_WARN_QUOTED_INCLUDE_IN_FRAMEWORK_HEADER = YES;
				CLANG_WARN_RANGE_LOOP_ANALYSIS = YES;
				CLANG_WARN_STRICT_PROTOTYPES = YES;
				CLANG_WARN_SUSPICIOUS_MOVE = YES;
				CLANG_WARN_UNGUARDED_AVAILABILITY = YES_AGGRESSIVE;
				CLANG_WARN_UNREACHABLE_CODE = YES;
				CLANG_WARN__DUPLICATE_METHOD_MATCH = YES;
				COPY_PHASE_STRIP = NO;
				DEBUG_INFORMATION_FORMAT = "dwarf-with-dsym";
				ENABLE_NS_ASSERTIONS = NO;
				ENABLE_STRICT_OBJC_MSGSEND = YES;
				GCC_C_LANGUAGE_STANDARD = gnu11;
				GCC_NO_COMMON_BLOCKS = YES;
				GCC_WARN_64_TO_32_BIT_CONVERSION = YES;
				GCC_WARN_ABOUT_RETURN_TYPE = YES_ERROR;
				GCC_WARN_UNDECLARED_SELECTOR = YES;
				GCC_WARN_UNINITIALIZED_AUTOS = YES_AGGRESSIVE;
				GCC_WARN_UNUSED_FUNCTION = YES;
				GCC_WARN_UNUSED_VARIABLE = YES;
				IPHONEOS_DEPLOYMENT_TARGET = 15.0;
				MTL_ENABLE_DEBUG_INFO = NO;
				MTL_FAST_MATH = YES;
				SDKROOT = iphoneos;
				SWIFT_COMPILATION_MODE = wholemodule;
				SWIFT_OPTIMIZATION_LEVEL = "-O";
				VALIDATE_PRODUCT = YES;
			};
			name = Release;
		};
		3A8BC4B028E3D55700E3AF07 /* Debug */ = {
			isa = XCBuildConfiguration;
			buildSettings = {
				ASSETCATALOG_COMPILER_APPICON_NAME = AppIcon;
				ASSETCATALOG_COMPILER_GLOBAL_ACCENT_COLOR_NAME = AccentColor;
				CODE_SIGN_STYLE = Automatic;
				CURRENT_PROJECT_VERSION = 1;
				DEVELOPMENT_ASSET_PATHS = "\"iCalm/Preview Content\"";
				DEVELOPMENT_TEAM = 8QFJA27NFJ;
				ENABLE_PREVIEWS = YES;
				GENERATE_INFOPLIST_FILE = YES;
				INFOPLIST_FILE = "------------Info.plist";
				INFOPLIST_KEY_LSApplicationCategoryType = "public.app-category.healthcare-fitness";
				INFOPLIST_KEY_UIApplicationSceneManifest_Generation = YES;
				INFOPLIST_KEY_UIApplicationSupportsIndirectInputEvents = YES;
				INFOPLIST_KEY_UILaunchStoryboardName = "Launch Screen.storyboard";
				INFOPLIST_KEY_UISupportedInterfaceOrientations = UIInterfaceOrientationPortrait;
				INFOPLIST_KEY_UISupportedInterfaceOrientations_iPad = "UIInterfaceOrientationPortrait UIInterfaceOrientationPortraitUpsideDown";
				IPHONEOS_DEPLOYMENT_TARGET = 15.0;
				LD_RUNPATH_SEARCH_PATHS = (
					"$(inherited)",
					"@executable_path/Frameworks",
				);
				MARKETING_VERSION = 1.2.0;
				PRODUCT_BUNDLE_IDENTIFIER = rodadev.com.iCalm;
				PRODUCT_NAME = "$(TARGET_NAME)";
				SUPPORTED_PLATFORMS = "iphoneos iphonesimulator";
				SUPPORTS_MACCATALYST = NO;
				SUPPORTS_MAC_DESIGNED_FOR_IPHONE_IPAD = NO;
				SWIFT_EMIT_LOC_STRINGS = YES;
				SWIFT_VERSION = 5.0;
				TARGETED_DEVICE_FAMILY = 1;
			};
			name = Debug;
		};
		3A8BC4B128E3D55700E3AF07 /* Release */ = {
			isa = XCBuildConfiguration;
			buildSettings = {
				ASSETCATALOG_COMPILER_APPICON_NAME = AppIcon;
				ASSETCATALOG_COMPILER_GLOBAL_ACCENT_COLOR_NAME = AccentColor;
				CODE_SIGN_STYLE = Automatic;
				CURRENT_PROJECT_VERSION = 1;
				DEVELOPMENT_ASSET_PATHS = "\"iCalm/Preview Content\"";
				DEVELOPMENT_TEAM = P4MDXR8V44;
				ENABLE_PREVIEWS = YES;
				GENERATE_INFOPLIST_FILE = YES;
				INFOPLIST_FILE = "------------Info.plist";
				INFOPLIST_KEY_LSApplicationCategoryType = "public.app-category.healthcare-fitness";
				INFOPLIST_KEY_UIApplicationSceneManifest_Generation = YES;
				INFOPLIST_KEY_UIApplicationSupportsIndirectInputEvents = YES;
				INFOPLIST_KEY_UILaunchStoryboardName = "Launch Screen.storyboard";
				INFOPLIST_KEY_UISupportedInterfaceOrientations = UIInterfaceOrientationPortrait;
				INFOPLIST_KEY_UISupportedInterfaceOrientations_iPad = "UIInterfaceOrientationPortrait UIInterfaceOrientationPortraitUpsideDown";
				IPHONEOS_DEPLOYMENT_TARGET = 15.0;
				LD_RUNPATH_SEARCH_PATHS = (
					"$(inherited)",
					"@executable_path/Frameworks",
				);
				MARKETING_VERSION = 1.2.0;
				PRODUCT_BUNDLE_IDENTIFIER = rodadev.com.iCalm;
				PRODUCT_NAME = "$(TARGET_NAME)";
				SUPPORTED_PLATFORMS = "iphoneos iphonesimulator";
				SUPPORTS_MACCATALYST = NO;
				SUPPORTS_MAC_DESIGNED_FOR_IPHONE_IPAD = NO;
				SWIFT_EMIT_LOC_STRINGS = YES;
				SWIFT_VERSION = 5.0;
				TARGETED_DEVICE_FAMILY = 1;
			};
			name = Release;
		};
/* End XCBuildConfiguration section */

/* Begin XCConfigurationList section */
		3A8BC49C28E3D55500E3AF07 /* Build configuration list for PBXProject "iCalm" */ = {
			isa = XCConfigurationList;
			buildConfigurations = (
				3A8BC4AD28E3D55700E3AF07 /* Debug */,
				3A8BC4AE28E3D55700E3AF07 /* Release */,
			);
			defaultConfigurationIsVisible = 0;
			defaultConfigurationName = Release;
		};
		3A8BC4AF28E3D55700E3AF07 /* Build configuration list for PBXNativeTarget "Просто Дыши" */ = {
			isa = XCConfigurationList;
			buildConfigurations = (
				3A8BC4B028E3D55700E3AF07 /* Debug */,
				3A8BC4B128E3D55700E3AF07 /* Release */,
			);
			defaultConfigurationIsVisible = 0;
			defaultConfigurationName = Release;
		};
/* End XCConfigurationList section */

/* Begin XCRemoteSwiftPackageReference section */
		6D12C74F2BDF0ADE00F166DB /* XCRemoteSwiftPackageReference "firebase-ios-sdk" */ = {
			isa = XCRemoteSwiftPackageReference;
			repositoryURL = "https://github.com/firebase/firebase-ios-sdk";
			requirement = {
				kind = upToNextMajorVersion;
				minimumVersion = 10.24.0;
			};
		};
		6DEC5EEE29731FC40050750A /* XCRemoteSwiftPackageReference "pure-swift-ui" */ = {
			isa = XCRemoteSwiftPackageReference;
			repositoryURL = "https://github.com/CodeSlicing/pure-swift-ui";
			requirement = {
				kind = exactVersion;
				version = 3.1.0;
			};
		};
/* End XCRemoteSwiftPackageReference section */

/* Begin XCSwiftPackageProductDependency section */
		6D12C7502BDF0ADE00F166DB /* FirebaseAnalytics */ = {
			isa = XCSwiftPackageProductDependency;
			package = 6D12C74F2BDF0ADE00F166DB /* XCRemoteSwiftPackageReference "firebase-ios-sdk" */;
			productName = FirebaseAnalytics;
		};
		6D12C7522BDF0ADE00F166DB /* FirebaseAnalyticsOnDeviceConversion */ = {
			isa = XCSwiftPackageProductDependency;
			package = 6D12C74F2BDF0ADE00F166DB /* XCRemoteSwiftPackageReference "firebase-ios-sdk" */;
			productName = FirebaseAnalyticsOnDeviceConversion;
		};
		6D12C7542BDF0ADE00F166DB /* FirebaseAnalyticsSwift */ = {
			isa = XCSwiftPackageProductDependency;
			package = 6D12C74F2BDF0ADE00F166DB /* XCRemoteSwiftPackageReference "firebase-ios-sdk" */;
			productName = FirebaseAnalyticsSwift;
		};
		6D12C7562BDF0ADE00F166DB /* FirebaseAnalyticsWithoutAdIdSupport */ = {
			isa = XCSwiftPackageProductDependency;
			package = 6D12C74F2BDF0ADE00F166DB /* XCRemoteSwiftPackageReference "firebase-ios-sdk" */;
			productName = FirebaseAnalyticsWithoutAdIdSupport;
		};
		6D12C7582BDF0ADE00F166DB /* FirebaseAppCheck */ = {
			isa = XCSwiftPackageProductDependency;
			package = 6D12C74F2BDF0ADE00F166DB /* XCRemoteSwiftPackageReference "firebase-ios-sdk" */;
			productName = FirebaseAppCheck;
		};
		6D686B452CF301B200ECF012 /* FirebaseAuth */ = {
			isa = XCSwiftPackageProductDependency;
			productName = FirebaseAuth;
		};
		6D686B472CF301B200ECF012 /* FirebaseCrashlytics */ = {
			isa = XCSwiftPackageProductDependency;
			productName = FirebaseCrashlytics;
		};
		6D686B492CF301B200ECF012 /* FirebaseDatabase */ = {
			isa = XCSwiftPackageProductDependency;
			productName = FirebaseDatabase;
		};
		6D686B4B2CF301B200ECF012 /* FirebaseFirestore */ = {
			isa = XCSwiftPackageProductDependency;
			productName = FirebaseFirestore;
		};
		6D686B4D2CF301B200ECF012 /* FirebaseFirestoreSwift */ = {
			isa = XCSwiftPackageProductDependency;
			productName = FirebaseFirestoreSwift;
		};
		6DEC5EEF29731FC40050750A /* PureSwiftUI */ = {
			isa = XCSwiftPackageProductDependency;
			package = 6DEC5EEE29731FC40050750A /* XCRemoteSwiftPackageReference "pure-swift-ui" */;
			productName = PureSwiftUI;
		};
/* End XCSwiftPackageProductDependency section */
	};
	rootObject = 3A8BC49928E3D55500E3AF07 /* Project object */;
}
